
Microsoft Visual Studio Solution File, Format Version 12.00
# Visual Studio 2012
Project("{FAE04EC0-301F-11D3-BF4B-00C04F79EFBC}") = "NovaPoshtaSMSNotification", "NovaPoshtaSMSNotification\NovaPoshtaSMSNotification.csproj", "{4A96896E-B739-4F8B-9D78-A77748F6A280}"
EndProject
Global
	GlobalSection(SolutionConfigurationPlatforms) = preSolution
		Debug|Any CPU = Debug|Any CPU
		Release|Any CPU = Release|Any CPU
	EndGlobalSection
	GlobalSection(ProjectConfigurationPlatforms) = postSolution
		{4A96896E-B739-4F8B-9D78-A77748F6A280}.Debug|Any CPU.ActiveCfg = Debug|Any CPU
		{4A96896E-B739-4F8B-9D78-A77748F6A280}.Debug|Any CPU.Build.0 = Debug|Any CPU
		{4A96896E-B739-4F8B-9D78-A77748F6A280}.Release|Any CPU.ActiveCfg = Release|Any CPU
		{4A96896E-B739-4F8B-9D78-A77748F6A280}.Release|Any CPU.Build.0 = Release|Any CPU
	EndGlobalSection
EndGlobal
